// !$*UTF8*$!
{
	archiveVersion = 1;
	classes = {
	};
	objectVersion = 55;
	objects = {

/* Begin PBXBuildFile section */
		886AFC102ABA6800002D788B /* APICaller.swift in Sources */ = {isa = PBXBuildFile; fileRef = 886AFC0F2ABA6800002D788B /* APICaller.swift */; };
		886AFC122ABA6EE6002D788B /* Movie.swift in Sources */ = {isa = PBXBuildFile; fileRef = 886AFC112ABA6EE6002D788B /* Movie.swift */; };
		88BCE0062AC3328A003030C5 /* Extensions.swift in Sources */ = {isa = PBXBuildFile; fileRef = 88BCE0052AC3328A003030C5 /* Extensions.swift */; };
		88BCE0082AC36D0C003030C5 /* Tv.swift in Sources */ = {isa = PBXBuildFile; fileRef = 88BCE0072AC36D0C003030C5 /* Tv.swift */; };
		88BCE00A2AC776AD003030C5 /* TitleCollectionViewCell.swift in Sources */ = {isa = PBXBuildFile; fileRef = 88BCE0092AC776AD003030C5 /* TitleCollectionViewCell.swift */; };
		88BCE00D2AC7794B003030C5 /* SDWebImage in Frameworks */ = {isa = PBXBuildFile; productRef = 88BCE00C2AC7794B003030C5 /* SDWebImage */; };
		88BCE00F2AC7794B003030C5 /* SDWebImageMapKit in Frameworks */ = {isa = PBXBuildFile; productRef = 88BCE00E2AC7794B003030C5 /* SDWebImageMapKit */; };
		88C4791729241311000E8F01 /* AppDelegate.swift in Sources */ = {isa = PBXBuildFile; fileRef = 88C4791629241311000E8F01 /* AppDelegate.swift */; };
		88C4791929241311000E8F01 /* SceneDelegate.swift in Sources */ = {isa = PBXBuildFile; fileRef = 88C4791829241311000E8F01 /* SceneDelegate.swift */; };
		88C4791B29241311000E8F01 /* MainTabBarViewController.swift in Sources */ = {isa = PBXBuildFile; fileRef = 88C4791A29241311000E8F01 /* MainTabBarViewController.swift */; };
		88C4792029241313000E8F01 /* Assets.xcassets in Resources */ = {isa = PBXBuildFile; fileRef = 88C4791F29241313000E8F01 /* Assets.xcassets */; };
		88C4792329241313000E8F01 /* LaunchScreen.storyboard in Resources */ = {isa = PBXBuildFile; fileRef = 88C4792129241313000E8F01 /* LaunchScreen.storyboard */; };
		88C4792C29241644000E8F01 /* HomeViewController.swift in Sources */ = {isa = PBXBuildFile; fileRef = 88C4792B29241644000E8F01 /* HomeViewController.swift */; };
		88C4792E292416AF000E8F01 /* UpcomingViewController.swift in Sources */ = {isa = PBXBuildFile; fileRef = 88C4792D292416AF000E8F01 /* UpcomingViewController.swift */; };
		88C47930292416E0000E8F01 /* SearchViewController.swift in Sources */ = {isa = PBXBuildFile; fileRef = 88C4792F292416E0000E8F01 /* SearchViewController.swift */; };
		88C4793229241700000E8F01 /* DownloadsViewController.swift in Sources */ = {isa = PBXBuildFile; fileRef = 88C4793129241700000E8F01 /* DownloadsViewController.swift */; };
		88C479392924275B000E8F01 /* CollectionViewTableViewCell.swift in Sources */ = {isa = PBXBuildFile; fileRef = 88C479382924275B000E8F01 /* CollectionViewTableViewCell.swift */; };
		88C4793B29242F78000E8F01 /* HeroHeaderUIView.swift in Sources */ = {isa = PBXBuildFile; fileRef = 88C4793A29242F78000E8F01 /* HeroHeaderUIView.swift */; };
/* End PBXBuildFile section */

/* Begin PBXFileReference section */
		886AFC0F2ABA6800002D788B /* APICaller.swift */ = {isa = PBXFileReference; lastKnownFileType = sourcecode.swift; path = APICaller.swift; sourceTree = "<group>"; };
		886AFC112ABA6EE6002D788B /* Movie.swift */ = {isa = PBXFileReference; lastKnownFileType = sourcecode.swift; path = Movie.swift; sourceTree = "<group>"; };
		88BCE0052AC3328A003030C5 /* Extensions.swift */ = {isa = PBXFileReference; lastKnownFileType = sourcecode.swift; path = Extensions.swift; sourceTree = "<group>"; };
		88BCE0072AC36D0C003030C5 /* Tv.swift */ = {isa = PBXFileReference; lastKnownFileType = sourcecode.swift; path = Tv.swift; sourceTree = "<group>"; };
		88BCE0092AC776AD003030C5 /* TitleCollectionViewCell.swift */ = {isa = PBXFileReference; lastKnownFileType = sourcecode.swift; path = TitleCollectionViewCell.swift; sourceTree = "<group>"; };
		88C4791329241311000E8F01 /* Netflix Clone.app */ = {isa = PBXFileReference; explicitFileType = wrapper.application; includeInIndex = 0; path = "Netflix Clone.app"; sourceTree = BUILT_PRODUCTS_DIR; };
		88C4791629241311000E8F01 /* AppDelegate.swift */ = {isa = PBXFileReference; lastKnownFileType = sourcecode.swift; path = AppDelegate.swift; sourceTree = "<group>"; };
		88C4791829241311000E8F01 /* SceneDelegate.swift */ = {isa = PBXFileReference; lastKnownFileType = sourcecode.swift; path = SceneDelegate.swift; sourceTree = "<group>"; };
		88C4791A29241311000E8F01 /* MainTabBarViewController.swift */ = {isa = PBXFileReference; lastKnownFileType = sourcecode.swift; path = MainTabBarViewController.swift; sourceTree = "<group>"; };
		88C4791F29241313000E8F01 /* Assets.xcassets */ = {isa = PBXFileReference; lastKnownFileType = folder.assetcatalog; path = Assets.xcassets; sourceTree = "<group>"; };
		88C4792229241313000E8F01 /* Base */ = {isa = PBXFileReference; lastKnownFileType = file.storyboard; name = Base; path = Base.lproj/LaunchScreen.storyboard; sourceTree = "<group>"; };
		88C4792429241313000E8F01 /* Info.plist */ = {isa = PBXFileReference; lastKnownFileType = text.plist.xml; path = Info.plist; sourceTree = "<group>"; };
		88C4792B29241644000E8F01 /* HomeViewController.swift */ = {isa = PBXFileReference; lastKnownFileType = sourcecode.swift; path = HomeViewController.swift; sourceTree = "<group>"; };
		88C4792D292416AF000E8F01 /* UpcomingViewController.swift */ = {isa = PBXFileReference; lastKnownFileType = sourcecode.swift; path = UpcomingViewController.swift; sourceTree = "<group>"; };
		88C4792F292416E0000E8F01 /* SearchViewController.swift */ = {isa = PBXFileReference; lastKnownFileType = sourcecode.swift; path = SearchViewController.swift; sourceTree = "<group>"; };
		88C4793129241700000E8F01 /* DownloadsViewController.swift */ = {isa = PBXFileReference; lastKnownFileType = sourcecode.swift; path = DownloadsViewController.swift; sourceTree = "<group>"; };
		88C479382924275B000E8F01 /* CollectionViewTableViewCell.swift */ = {isa = PBXFileReference; lastKnownFileType = sourcecode.swift; path = CollectionViewTableViewCell.swift; sourceTree = "<group>"; };
		88C4793A29242F78000E8F01 /* HeroHeaderUIView.swift */ = {isa = PBXFileReference; lastKnownFileType = sourcecode.swift; path = HeroHeaderUIView.swift; sourceTree = "<group>"; };
/* End PBXFileReference section */

/* Begin PBXFrameworksBuildPhase section */
		88C4791029241311000E8F01 /* Frameworks */ = {
			isa = PBXFrameworksBuildPhase;
			buildActionMask = 2147483647;
			files = (
				88BCE00F2AC7794B003030C5 /* SDWebImageMapKit in Frameworks */,
				88BCE00D2AC7794B003030C5 /* SDWebImage in Frameworks */,
			);
			runOnlyForDeploymentPostprocessing = 0;
		};
/* End PBXFrameworksBuildPhase section */

/* Begin PBXGroup section */
		88C4790A29241311000E8F01 = {
			isa = PBXGroup;
			children = (
				88C4791529241311000E8F01 /* Netflix Clone */,
				88C4791429241311000E8F01 /* Products */,
			);
			sourceTree = "<group>";
		};
		88C4791429241311000E8F01 /* Products */ = {
			isa = PBXGroup;
			children = (
				88C4791329241311000E8F01 /* Netflix Clone.app */,
			);
			name = Products;
			sourceTree = "<group>";
		};
		88C4791529241311000E8F01 /* Netflix Clone */ = {
			isa = PBXGroup;
			children = (
				88C47937292426FB000E8F01 /* Managers */,
				88C47936292426EA000E8F01 /* Resources */,
				88C47935292426B6000E8F01 /* Models */,
				88C47933292426A2000E8F01 /* Views */,
				88C47934292426AC000E8F01 /* ViewModels */,
				88C4792A29241603000E8F01 /* Controllers */,
				88C4791629241311000E8F01 /* AppDelegate.swift */,
				88C4791829241311000E8F01 /* SceneDelegate.swift */,
				88C4791A29241311000E8F01 /* MainTabBarViewController.swift */,
				88C4791F29241313000E8F01 /* Assets.xcassets */,
				88C4792129241313000E8F01 /* LaunchScreen.storyboard */,
				88C4792429241313000E8F01 /* Info.plist */,
			);
			path = "Netflix Clone";
			sourceTree = "<group>";
		};
		88C4792A29241603000E8F01 /* Controllers */ = {
			isa = PBXGroup;
			children = (
				88C4792B29241644000E8F01 /* HomeViewController.swift */,
				88C4792D292416AF000E8F01 /* UpcomingViewController.swift */,
				88C4792F292416E0000E8F01 /* SearchViewController.swift */,
				88C4793129241700000E8F01 /* DownloadsViewController.swift */,
			);
			path = Controllers;
			sourceTree = "<group>";
		};
		88C47933292426A2000E8F01 /* Views */ = {
			isa = PBXGroup;
			children = (
				88C479382924275B000E8F01 /* CollectionViewTableViewCell.swift */,
				88C4793A29242F78000E8F01 /* HeroHeaderUIView.swift */,
				88BCE0092AC776AD003030C5 /* TitleCollectionViewCell.swift */,
			);
			path = Views;
			sourceTree = "<group>";
		};
		88C47934292426AC000E8F01 /* ViewModels */ = {
			isa = PBXGroup;
			children = (
			);
			path = ViewModels;
			sourceTree = "<group>";
		};
		88C47935292426B6000E8F01 /* Models */ = {
			isa = PBXGroup;
			children = (
				886AFC112ABA6EE6002D788B /* Movie.swift */,
				88BCE0072AC36D0C003030C5 /* Tv.swift */,
			);
			path = Models;
			sourceTree = "<group>";
		};
		88C47936292426EA000E8F01 /* Resources */ = {
			isa = PBXGroup;
			children = (
				88BCE0052AC3328A003030C5 /* Extensions.swift */,
			);
			path = Resources;
			sourceTree = "<group>";
		};
		88C47937292426FB000E8F01 /* Managers */ = {
			isa = PBXGroup;
			children = (
				886AFC0F2ABA6800002D788B /* APICaller.swift */,
			);
			path = Managers;
			sourceTree = "<group>";
		};
/* End PBXGroup section */

/* Begin PBXNativeTarget section */
		88C4791229241311000E8F01 /* Netflix Clone */ = {
			isa = PBXNativeTarget;
			buildConfigurationList = 88C4792729241313000E8F01 /* Build configuration list for PBXNativeTarget "Netflix Clone" */;
			buildPhases = (
				88C4790F29241311000E8F01 /* Sources */,
				88C4791029241311000E8F01 /* Frameworks */,
				88C4791129241311000E8F01 /* Resources */,
			);
			buildRules = (
			);
			dependencies = (
			);
			name = "Netflix Clone";
			packageProductDependencies = (
				88BCE00C2AC7794B003030C5 /* SDWebImage */,
				88BCE00E2AC7794B003030C5 /* SDWebImageMapKit */,
			);
			productName = "Netflix Clone";
			productReference = 88C4791329241311000E8F01 /* Netflix Clone.app */;
			productType = "com.apple.product-type.application";
		};
/* End PBXNativeTarget section */

/* Begin PBXProject section */
		88C4790B29241311000E8F01 /* Project object */ = {
			isa = PBXProject;
			attributes = {
				BuildIndependentTargetsInParallel = 1;
				LastSwiftUpdateCheck = 1320;
				LastUpgradeCheck = 1320;
				TargetAttributes = {
					88C4791229241311000E8F01 = {
						CreatedOnToolsVersion = 13.2.1;
					};
				};
			};
			buildConfigurationList = 88C4790E29241311000E8F01 /* Build configuration list for PBXProject "Netflix Clone" */;
			compatibilityVersion = "Xcode 13.0";
			developmentRegion = en;
			hasScannedForEncodings = 0;
			knownRegions = (
				en,
				Base,
			);
			mainGroup = 88C4790A29241311000E8F01;
			packageReferences = (
				88BCE00B2AC7794B003030C5 /* XCRemoteSwiftPackageReference "SDWebImage" */,
			);
			productRefGroup = 88C4791429241311000E8F01 /* Products */;
			projectDirPath = "";
			projectRoot = "";
			targets = (
				88C4791229241311000E8F01 /* Netflix Clone */,
			);
		};
/* End PBXProject section */

/* Begin PBXResourcesBuildPhase section */
		88C4791129241311000E8F01 /* Resources */ = {
			isa = PBXResourcesBuildPhase;
			buildActionMask = 2147483647;
			files = (
				88C4792329241313000E8F01 /* LaunchScreen.storyboard in Resources */,
				88C4792029241313000E8F01 /* Assets.xcassets in Resources */,
			);
			runOnlyForDeploymentPostprocessing = 0;
		};
/* End PBXResourcesBuildPhase section */

/* Begin PBXSourcesBuildPhase section */
		88C4790F29241311000E8F01 /* Sources */ = {
			isa = PBXSourcesBuildPhase;
			buildActionMask = 2147483647;
			files = (
				88C47930292416E0000E8F01 /* SearchViewController.swift in Sources */,
				88C4791B29241311000E8F01 /* MainTabBarViewController.swift in Sources */,
				88C479392924275B000E8F01 /* CollectionViewTableViewCell.swift in Sources */,
				886AFC102ABA6800002D788B /* APICaller.swift in Sources */,
				88C4793B29242F78000E8F01 /* HeroHeaderUIView.swift in Sources */,
				88C4793229241700000E8F01 /* DownloadsViewController.swift in Sources */,
				88C4791729241311000E8F01 /* AppDelegate.swift in Sources */,
				88BCE00A2AC776AD003030C5 /* TitleCollectionViewCell.swift in Sources */,
				88BCE0062AC3328A003030C5 /* Extensions.swift in Sources */,
				88C4791929241311000E8F01 /* SceneDelegate.swift in Sources */,
				88C4792E292416AF000E8F01 /* UpcomingViewController.swift in Sources */,
				886AFC122ABA6EE6002D788B /* Movie.swift in Sources */,
				88BCE0082AC36D0C003030C5 /* Tv.swift in Sources */,
				88C4792C29241644000E8F01 /* HomeViewController.swift in Sources */,
			);
			runOnlyForDeploymentPostprocessing = 0;
		};
/* End PBXSourcesBuildPhase section */

/* Begin PBXVariantGroup section */
		88C4792129241313000E8F01 /* LaunchScreen.storyboard */ = {
			isa = PBXVariantGroup;
			children = (
				88C4792229241313000E8F01 /* Base */,
			);
			name = LaunchScreen.storyboard;
			sourceTree = "<group>";
		};
/* End PBXVariantGroup section */

/* Begin XCBuildConfiguration section */
		88C4792529241313000E8F01 /* Debug */ = {
			isa = XCBuildConfiguration;
			buildSettings = {
				ALWAYS_SEARCH_USER_PATHS = NO;
				CLANG_ANALYZER_NONNULL = YES;
				CLANG_ANALYZER_NUMBER_OBJECT_CONVERSION = YES_AGGRESSIVE;
				CLANG_CXX_LANGUAGE_STANDARD = "gnu++17";
				CLANG_CXX_LIBRARY = "libc++";
				CLANG_ENABLE_MODULES = YES;
				CLANG_ENABLE_OBJC_ARC = YES;
				CLANG_ENABLE_OBJC_WEAK = YES;
				CLANG_WARN_BLOCK_CAPTURE_AUTORELEASING = YES;
				CLANG_WARN_BOOL_CONVERSION = YES;
				CLANG_WARN_COMMA = YES;
				CLANG_WARN_CONSTANT_CONVERSION = YES;
				CLANG_WARN_DEPRECATED_OBJC_IMPLEMENTATIONS = YES;
				CLANG_WARN_DIRECT_OBJC_ISA_USAGE = YES_ERROR;
				CLANG_WARN_DOCUMENTATION_COMMENTS = YES;
				CLANG_WARN_EMPTY_BODY = YES;
				CLANG_WARN_ENUM_CONVERSION = YES;
				CLANG_WARN_INFINITE_RECURSION = YES;
				CLANG_WARN_INT_CONVERSION = YES;
				CLANG_WARN_NON_LITERAL_NULL_CONVERSION = YES;
				CLANG_WARN_OBJC_IMPLICIT_RETAIN_SELF = YES;
				CLANG_WARN_OBJC_LITERAL_CONVERSION = YES;
				CLANG_WARN_OBJC_ROOT_CLASS = YES_ERROR;
				CLANG_WARN_QUOTED_INCLUDE_IN_FRAMEWORK_HEADER = YES;
				CLANG_WARN_RANGE_LOOP_ANALYSIS = YES;
				CLANG_WARN_STRICT_PROTOTYPES = YES;
				CLANG_WARN_SUSPICIOUS_MOVE = YES;
				CLANG_WARN_UNGUARDED_AVAILABILITY = YES_AGGRESSIVE;
				CLANG_WARN_UNREACHABLE_CODE = YES;
				CLANG_WARN__DUPLICATE_METHOD_MATCH = YES;
				COPY_PHASE_STRIP = NO;
				DEBUG_INFORMATION_FORMAT = dwarf;
				ENABLE_STRICT_OBJC_MSGSEND = YES;
				ENABLE_TESTABILITY = YES;
				GCC_C_LANGUAGE_STANDARD = gnu11;
				GCC_DYNAMIC_NO_PIC = NO;
				GCC_NO_COMMON_BLOCKS = YES;
				GCC_OPTIMIZATION_LEVEL = 0;
				GCC_PREPROCESSOR_DEFINITIONS = (
					"DEBUG=1",
					"$(inherited)",
				);
				GCC_WARN_64_TO_32_BIT_CONVERSION = YES;
				GCC_WARN_ABOUT_RETURN_TYPE = YES_ERROR;
				GCC_WARN_UNDECLARED_SELECTOR = YES;
				GCC_WARN_UNINITIALIZED_AUTOS = YES_AGGRESSIVE;
				GCC_WARN_UNUSED_FUNCTION = YES;
				GCC_WARN_UNUSED_VARIABLE = YES;
				IPHONEOS_DEPLOYMENT_TARGET = 15.2;
				MTL_ENABLE_DEBUG_INFO = INCLUDE_SOURCE;
				MTL_FAST_MATH = YES;
				ONLY_ACTIVE_ARCH = YES;
				SDKROOT = iphoneos;
				SWIFT_ACTIVE_COMPILATION_CONDITIONS = DEBUG;
				SWIFT_OPTIMIZATION_LEVEL = "-Onone";
			};
			name = Debug;
		};
		88C4792629241313000E8F01 /* Release */ = {
			isa = XCBuildConfiguration;
			buildSettings = {
				ALWAYS_SEARCH_USER_PATHS = NO;
				CLANG_ANALYZER_NONNULL = YES;
				CLANG_ANALYZER_NUMBER_OBJECT_CONVERSION = YES_AGGRESSIVE;
				CLANG_CXX_LANGUAGE_STANDARD = "gnu++17";
				CLANG_CXX_LIBRARY = "libc++";
				CLANG_ENABLE_MODULES = YES;
				CLANG_ENABLE_OBJC_ARC = YES;
				CLANG_ENABLE_OBJC_WEAK = YES;
				CLANG_WARN_BLOCK_CAPTURE_AUTORELEASING = YES;
				CLANG_WARN_BOOL_CONVERSION = YES;
				CLANG_WARN_COMMA = YES;
				CLANG_WARN_CONSTANT_CONVERSION = YES;
				CLANG_WARN_DEPRECATED_OBJC_IMPLEMENTATIONS = YES;
				CLANG_WARN_DIRECT_OBJC_ISA_USAGE = YES_ERROR;
				CLANG_WARN_DOCUMENTATION_COMMENTS = YES;
				CLANG_WARN_EMPTY_BODY = YES;
				CLANG_WARN_ENUM_CONVERSION = YES;
				CLANG_WARN_INFINITE_RECURSION = YES;
				CLANG_WARN_INT_CONVERSION = YES;
				CLANG_WARN_NON_LITERAL_NULL_CONVERSION = YES;
				CLANG_WARN_OBJC_IMPLICIT_RETAIN_SELF = YES;
				CLANG_WARN_OBJC_LITERAL_CONVERSION = YES;
				CLANG_WARN_OBJC_ROOT_CLASS = YES_ERROR;
				CLANG_WARN_QUOTED_INCLUDE_IN_FRAMEWORK_HEADER = YES;
				CLANG_WARN_RANGE_LOOP_ANALYSIS = YES;
				CLANG_WARN_STRICT_PROTOTYPES = YES;
				CLANG_WARN_SUSPICIOUS_MOVE = YES;
				CLANG_WARN_UNGUARDED_AVAILABILITY = YES_AGGRESSIVE;
				CLANG_WARN_UNREACHABLE_CODE = YES;
				CLANG_WARN__DUPLICATE_METHOD_MATCH = YES;
				COPY_PHASE_STRIP = NO;
				DEBUG_INFORMATION_FORMAT = "dwarf-with-dsym";
				ENABLE_NS_ASSERTIONS = NO;
				ENABLE_STRICT_OBJC_MSGSEND = YES;
				GCC_C_LANGUAGE_STANDARD = gnu11;
				GCC_NO_COMMON_BLOCKS = YES;
				GCC_WARN_64_TO_32_BIT_CONVERSION = YES;
				GCC_WARN_ABOUT_RETURN_TYPE = YES_ERROR;
				GCC_WARN_UNDECLARED_SELECTOR = YES;
				GCC_WARN_UNINITIALIZED_AUTOS = YES_AGGRESSIVE;
				GCC_WARN_UNUSED_FUNCTION = YES;
				GCC_WARN_UNUSED_VARIABLE = YES;
				IPHONEOS_DEPLOYMENT_TARGET = 15.2;
				MTL_ENABLE_DEBUG_INFO = NO;
				MTL_FAST_MATH = YES;
				SDKROOT = iphoneos;
				SWIFT_COMPILATION_MODE = wholemodule;
				SWIFT_OPTIMIZATION_LEVEL = "-O";
				VALIDATE_PRODUCT = YES;
			};
			name = Release;
		};
		88C4792829241313000E8F01 /* Debug */ = {
			isa = XCBuildConfiguration;
			buildSettings = {
				ASSETCATALOG_COMPILER_APPICON_NAME = AppIcon;
				ASSETCATALOG_COMPILER_GLOBAL_ACCENT_COLOR_NAME = AccentColor;
				CODE_SIGN_STYLE = Automatic;
				CURRENT_PROJECT_VERSION = 1;
				GENERATE_INFOPLIST_FILE = YES;
				INFOPLIST_FILE = "Netflix Clone/Info.plist";
				INFOPLIST_KEY_UIApplicationSupportsIndirectInputEvents = YES;
				INFOPLIST_KEY_UILaunchStoryboardName = LaunchScreen;
				INFOPLIST_KEY_UISupportedInterfaceOrientations_iPad = "UIInterfaceOrientationPortrait UIInterfaceOrientationPortraitUpsideDown UIInterfaceOrientationLandscapeLeft UIInterfaceOrientationLandscapeRight";
				INFOPLIST_KEY_UISupportedInterfaceOrientations_iPhone = "UIInterfaceOrientationPortrait UIInterfaceOrientationLandscapeLeft UIInterfaceOrientationLandscapeRight";
				LD_RUNPATH_SEARCH_PATHS = (
					"$(inherited)",
					"@executable_path/Frameworks",
				);
				MARKETING_VERSION = 1.0;
				PRODUCT_BUNDLE_IDENTIFIER = "jeff.Netflix-Clone";
				PRODUCT_NAME = "$(TARGET_NAME)";
				SWIFT_EMIT_LOC_STRINGS = YES;
				SWIFT_VERSION = 5.0;
				TARGETED_DEVICE_FAMILY = "1,2";
			};
			name = Debug;
		};
		88C4792929241313000E8F01 /* Release */ = {
			isa = XCBuildConfiguration;
			buildSettings = {
				ASSETCATALOG_COMPILER_APPICON_NAME = AppIcon;
				ASSETCATALOG_COMPILER_GLOBAL_ACCENT_COLOR_NAME = AccentColor;
				CODE_SIGN_STYLE = Automatic;
				CURRENT_PROJECT_VERSION = 1;
				GENERATE_INFOPLIST_FILE = YES;
				INFOPLIST_FILE = "Netflix Clone/Info.plist";
				INFOPLIST_KEY_UIApplicationSupportsIndirectInputEvents = YES;
				INFOPLIST_KEY_UILaunchStoryboardName = LaunchScreen;
				INFOPLIST_KEY_UISupportedInterfaceOrientations_iPad = "UIInterfaceOrientationPortrait UIInterfaceOrientationPortraitUpsideDown UIInterfaceOrientationLandscapeLeft UIInterfaceOrientationLandscapeRight";
				INFOPLIST_KEY_UISupportedInterfaceOrientations_iPhone = "UIInterfaceOrientationPortrait UIInterfaceOrientationLandscapeLeft UIInterfaceOrientationLandscapeRight";
				LD_RUNPATH_SEARCH_PATHS = (
					"$(inherited)",
					"@executable_path/Frameworks",
				);
				MARKETING_VERSION = 1.0;
				PRODUCT_BUNDLE_IDENTIFIER = "jeff.Netflix-Clone";
				PRODUCT_NAME = "$(TARGET_NAME)";
				SWIFT_EMIT_LOC_STRINGS = YES;
				SWIFT_VERSION = 5.0;
				TARGETED_DEVICE_FAMILY = "1,2";
			};
			name = Release;
		};
/* End XCBuildConfiguration section */

/* Begin XCConfigurationList section */
		88C4790E29241311000E8F01 /* Build configuration list for PBXProject "Netflix Clone" */ = {
			isa = XCConfigurationList;
			buildConfigurations = (
				88C4792529241313000E8F01 /* Debug */,
				88C4792629241313000E8F01 /* Release */,
			);
			defaultConfigurationIsVisible = 0;
			defaultConfigurationName = Release;
		};
		88C4792729241313000E8F01 /* Build configuration list for PBXNativeTarget "Netflix Clone" */ = {
			isa = XCConfigurationList;
			buildConfigurations = (
				88C4792829241313000E8F01 /* Debug */,
				88C4792929241313000E8F01 /* Release */,
			);
			defaultConfigurationIsVisible = 0;
			defaultConfigurationName = Release;
		};
/* End XCConfigurationList section */

/* Begin XCRemoteSwiftPackageReference section */
		88BCE00B2AC7794B003030C5 /* XCRemoteSwiftPackageReference "SDWebImage" */ = {
			isa = XCRemoteSwiftPackageReference;
			repositoryURL = "https://github.com/SDWebImage/SDWebImage.git";
			requirement = {
				branch = master;
				kind = branch;
			};
		};
/* End XCRemoteSwiftPackageReference section */

/* Begin XCSwiftPackageProductDependency section */
		88BCE00C2AC7794B003030C5 /* SDWebImage */ = {
			isa = XCSwiftPackageProductDependency;
			package = 88BCE00B2AC7794B003030C5 /* XCRemoteSwiftPackageReference "SDWebImage" */;
			productName = SDWebImage;
		};
		88BCE00E2AC7794B003030C5 /* SDWebImageMapKit */ = {
			isa = XCSwiftPackageProductDependency;
			package = 88BCE00B2AC7794B003030C5 /* XCRemoteSwiftPackageReference "SDWebImage" */;
			productName = SDWebImageMapKit;
		};
/* End XCSwiftPackageProductDependency section */
	};
	rootObject = 88C4790B29241311000E8F01 /* Project object */;
}
